
Microsoft Visual Studio Solution File, Format Version 12.00
# Visual Studio Version 16
VisualStudioVersion = 16.0.31321.278
MinimumVisualStudioVersion = 10.0.40219.1
Project("{FAE04EC0-301F-11D3-BF4B-00C04F79EFBC}") = "QuanLyPhuTungXeMay", "QuanLyPhuTungXeMay.csproj", "{B74A45EA-512E-4663-8BAA-CC66C703A52D}"
EndProject
Global
	GlobalSection(SolutionConfigurationPlatforms) = preSolution
		Debug|Any CPU = Debug|Any CPU
		Release|Any CPU = Release|Any CPU
	EndGlobalSection
	GlobalSection(ProjectConfigurationPlatforms) = postSolution
		{B74A45EA-512E-4663-8BAA-CC66C703A52D}.Debug|Any CPU.ActiveCfg = Debug|Any CPU
		{B74A45EA-512E-4663-8BAA-CC66C703A52D}.Debug|Any CPU.Build.0 = Debug|Any CPU
		{B74A45EA-512E-4663-8BAA-CC66C703A52D}.Release|Any CPU.ActiveCfg = Release|Any CPU
		{B74A45EA-512E-4663-8BAA-CC66C703A52D}.Release|Any CPU.Build.0 = Release|Any CPU
	EndGlobalSection
	GlobalSection(SolutionProperties) = preSolution
		HideSolutionNode = FALSE
	EndGlobalSection
	GlobalSection(ExtensibilityGlobals) = postSolution
		SolutionGuid = {297BFFB5-49D1-4A05-A77C-14494B3189C6}
	EndGlobalSection
EndGlobal
